{
    "requires": true,
    "lockfileVersion": 1,
    "dependencies": {
        "axios": {
            "version": "0.21.1",
            "resolved": "https://registry.npmjs.org/axios/-/axios-0.21.1.tgz",
            "integrity": "sha512-dKQiRHxGD9PPRIUNIWvZhPTPpl1rf/OxTYKsqKUDjBwYylTvV7SjSHJb9ratfyzM6wCdLCOYLzs73qpg5c4iGA==",
            "requires": {
                "follow-redirects": "^1.10.0"
            }
        },
        "cnchar": {
            "version": "2.0.9",
            "resolved": "https://registry.npmjs.org/cnchar/-/cnchar-2.0.9.tgz",
            "integrity": "sha512-XvlA3Aw8aKa0aE5N8pPynj3qRcsDinHE5VwuvczRGIqw/ikLhSh/lWsP5rmH2bGIO8K/aloyuhlErW6MU+bf/A=="
        },
        "cos-js-sdk-v5": {
            "version": "0.5.22",
            "resolved": "https://registry.npmjs.org/cos-js-sdk-v5/-/cos-js-sdk-v5-0.5.22.tgz",
            "integrity": "sha512-h7KcZvsbUzWotU2cVMEtGN6eMr1oPsfL/06f9o6yA/ZgAC6LMIXZlU2gNeFko0VuyGYvz57cLfxE7huCjCXjwQ==",
            "requires": {
                "xmldom": "^0.1.27"
            }
        },
        "follow-redirects": {
            "version": "1.13.1",
            "resolved": "https://registry.npmjs.org/follow-redirects/-/follow-redirects-1.13.1.tgz",
            "integrity": "sha512-SSG5xmZh1mkPGyKzjZP8zLjltIfpW32Y5QpdNJyjcfGxK3qo3NDDkZOZSFiGn1A6SclQxY9GzEwAHQ3dmYRWpg=="
        },
        "qs": {
            "version": "6.9.1",
            "resolved": "https://registry.npmjs.org/qs/-/qs-6.9.1.tgz",
            "integrity": "sha512-Cxm7/SS/y/Z3MHWSxXb8lIFqgqBowP5JMlTUFyJN88y0SGQhVmZnqFK/PeuMX9LzUyWsqqhNxIyg0jlzq946yA=="
        },
        "set-cookie-parser": {
            "version": "2.4.3",
            "resolved": "https://registry.npmjs.org/set-cookie-parser/-/set-cookie-parser-2.4.3.tgz",
            "integrity": "sha512-+Eovq+TUyhqwUe+Ac9EaPlfEZOcQyy7uUPhcbEXEIsH73x/gOU56RO8wZDZW98fu3vSxhcPjuKDo1mIrmM7ixw=="
        },
        "weapp-cookie": {
            "version": "1.4.6",
            "resolved": "https://registry.npmjs.org/weapp-cookie/-/weapp-cookie-1.4.6.tgz",
            "integrity": "sha512-2K4u6ADdpRMfoFeK8e6TYl2LoBjDuGwOD1jmUpFJT1kkdKPZagdroIReNg+4m5FGb6Hkh+EyqbY+2HqBdEDnQw==",
            "requires": {
                "set-cookie-parser": "^2.3.8"
            }
        },
        "xmldom": {
            "version": "0.1.31",
            "resolved": "https://registry.npmjs.org/xmldom/-/xmldom-0.1.31.tgz",
            "integrity": "sha512-yS2uJflVQs6n+CyjHoaBmVSqIDevTAWrzMmjG1Gc7h1qQ7uVozNhEPJAwZXWyGQ/Gafo3fCwrcaokezLPupVyQ=="
        }
    }
}
